
Microsoft Visual Studio Solution File, Format Version 12.00
# Visual Studio 15
Project("{FAE04EC0-301F-11D3-BF4B-00C04F79EFBC}") = "SwitchStatementsExercise", "SwitchStatementsExercise\SwitchStatementsExercise.csproj", "{61E00D88-AFEB-4F62-B675-F5A1A2D5F92D}"
EndProject
Global
	GlobalSection(SolutionConfigurationPlatforms) = preSolution
		Debug|Any CPU = Debug|Any CPU
		Release|Any CPU = Release|Any CPU
	EndGlobalSection
	GlobalSection(ProjectConfigurationPlatforms) = postSolution
		{61E00D88-AFEB-4F62-B675-F5A1A2D5F92D}.Debug|Any CPU.ActiveCfg = Debug|Any CPU
		{61E00D88-AFEB-4F62-B675-F5A1A2D5F92D}.Debug|Any CPU.Build.0 = Debug|Any CPU
		{61E00D88-AFEB-4F62-B675-F5A1A2D5F92D}.Release|Any CPU.ActiveCfg = Release|Any CPU
		{61E00D88-AFEB-4F62-B675-F5A1A2D5F92D}.Release|Any CPU.Build.0 = Release|Any CPU
	EndGlobalSection
EndGlobal
